
Microsoft Visual Studio Solution File, Format Version 12.00
# Visual Studio 15
VisualStudioVersion = 15.0.28307.168
MinimumVisualStudioVersion = 10.0.40219.1
Project("{FAE04EC0-301F-11D3-BF4B-00C04F79EFBC}") = "GraphQLDemo", "GraphQLDemo\GraphQLDemo.csproj", "{0B66E22B-9643-4BAD-8719-4D4E7B1B6A9F}"
EndProject
Global
	GlobalSection(SolutionConfigurationPlatforms) = preSolution
		Debug|Any CPU = Debug|Any CPU
		Release|Any CPU = Release|Any CPU
	EndGlobalSection
	GlobalSection(ProjectConfigurationPlatforms) = postSolution
		{0B66E22B-9643-4BAD-8719-4D4E7B1B6A9F}.Debug|Any CPU.ActiveCfg = Debug|Any CPU
		{0B66E22B-9643-4BAD-8719-4D4E7B1B6A9F}.Debug|Any CPU.Build.0 = Debug|Any CPU
		{0B66E22B-9643-4BAD-8719-4D4E7B1B6A9F}.Release|Any CPU.ActiveCfg = Release|Any CPU
		{0B66E22B-9643-4BAD-8719-4D4E7B1B6A9F}.Release|Any CPU.Build.0 = Release|Any CPU
	EndGlobalSection
	GlobalSection(SolutionProperties) = preSolution
		HideSolutionNode = FALSE
	EndGlobalSection
	GlobalSection(ExtensibilityGlobals) = postSolution
		SolutionGuid = {83BC3775-CF31-4EE9-9DE4-02A456955DAE}
	EndGlobalSection
EndGlobal
